
Microsoft Visual Studio Solution File, Format Version 12.00
# Visual Studio 15
VisualStudioVersion = 15.0.28307.902
MinimumVisualStudioVersion = 10.0.40219.1
Project("{FAE04EC0-301F-11D3-BF4B-00C04F79EFBC}") = "BookManageSystem", "BookManageSystem\BookManageSystem.csproj", "{DF99A16C-F254-484B-9474-CDE3EAC44DF1}"
EndProject
Project("{FAE04EC0-301F-11D3-BF4B-00C04F79EFBC}") = "BookManageSystem.Model", "BookManageSystem.Model\BookManageSystem.Model.csproj", "{7AEC96AE-D8A1-467F-A029-D23757BAAA7E}"
EndProject
Project("{FAE04EC0-301F-11D3-BF4B-00C04F79EFBC}") = "BookManageSystem.dao", "BookManageSystem.dao\BookManageSystem.dao.csproj", "{22113078-5DC3-4799-8FA7-FE08C980EC5D}"
EndProject
Project("{FAE04EC0-301F-11D3-BF4B-00C04F79EFBC}") = "BookManageSystem.Service", "BookManageSystem.Service\BookManageSystem.Service.csproj", "{7E2B9532-81C1-47E1-AD02-B70F4B905148}"
EndProject
Project("{FAE04EC0-301F-11D3-BF4B-00C04F79EFBC}") = "BookManageSystem.Common", "BookManageSystem.Common\BookManageSystem.Common.csproj", "{72CF2F42-CAD3-40A1-9388-C812F50D75E1}"
EndProject
Global
	GlobalSection(SolutionConfigurationPlatforms) = preSolution
		Debug|Any CPU = Debug|Any CPU
		Release|Any CPU = Release|Any CPU
	EndGlobalSection
	GlobalSection(ProjectConfigurationPlatforms) = postSolution
		{DF99A16C-F254-484B-9474-CDE3EAC44DF1}.Debug|Any CPU.ActiveCfg = Debug|Any CPU
		{DF99A16C-F254-484B-9474-CDE3EAC44DF1}.Debug|Any CPU.Build.0 = Debug|Any CPU
		{DF99A16C-F254-484B-9474-CDE3EAC44DF1}.Release|Any CPU.ActiveCfg = Release|Any CPU
		{DF99A16C-F254-484B-9474-CDE3EAC44DF1}.Release|Any CPU.Build.0 = Release|Any CPU
		{7AEC96AE-D8A1-467F-A029-D23757BAAA7E}.Debug|Any CPU.ActiveCfg = Debug|Any CPU
		{7AEC96AE-D8A1-467F-A029-D23757BAAA7E}.Debug|Any CPU.Build.0 = Debug|Any CPU
		{7AEC96AE-D8A1-467F-A029-D23757BAAA7E}.Release|Any CPU.ActiveCfg = Release|Any CPU
		{7AEC96AE-D8A1-467F-A029-D23757BAAA7E}.Release|Any CPU.Build.0 = Release|Any CPU
		{22113078-5DC3-4799-8FA7-FE08C980EC5D}.Debug|Any CPU.ActiveCfg = Debug|Any CPU
		{22113078-5DC3-4799-8FA7-FE08C980EC5D}.Debug|Any CPU.Build.0 = Debug|Any CPU
		{22113078-5DC3-4799-8FA7-FE08C980EC5D}.Release|Any CPU.ActiveCfg = Release|Any CPU
		{22113078-5DC3-4799-8FA7-FE08C980EC5D}.Release|Any CPU.Build.0 = Release|Any CPU
		{7E2B9532-81C1-47E1-AD02-B70F4B905148}.Debug|Any CPU.ActiveCfg = Debug|Any CPU
		{7E2B9532-81C1-47E1-AD02-B70F4B905148}.Debug|Any CPU.Build.0 = Debug|Any CPU
		{7E2B9532-81C1-47E1-AD02-B70F4B905148}.Release|Any CPU.ActiveCfg = Release|Any CPU
		{7E2B9532-81C1-47E1-AD02-B70F4B905148}.Release|Any CPU.Build.0 = Release|Any CPU
		{72CF2F42-CAD3-40A1-9388-C812F50D75E1}.Debug|Any CPU.ActiveCfg = Debug|Any CPU
		{72CF2F42-CAD3-40A1-9388-C812F50D75E1}.Debug|Any CPU.Build.0 = Debug|Any CPU
		{72CF2F42-CAD3-40A1-9388-C812F50D75E1}.Release|Any CPU.ActiveCfg = Release|Any CPU
		{72CF2F42-CAD3-40A1-9388-C812F50D75E1}.Release|Any CPU.Build.0 = Release|Any CPU
	EndGlobalSection
	GlobalSection(SolutionProperties) = preSolution
		HideSolutionNode = FALSE
	EndGlobalSection
	GlobalSection(ExtensibilityGlobals) = postSolution
		SolutionGuid = {3CD795A7-9CDA-4D7C-8BC4-9C36C66E1167}
	EndGlobalSection
EndGlobal
